
Microsoft Visual Studio Solution File, Format Version 12.00
# Visual Studio Version 17
VisualStudioVersion = 17.5.002.0
MinimumVisualStudioVersion = 10.0.40219.1
Project("{9A19103F-16F7-4668-BE54-9A1E7A4F7556}") = "RickServer", "RickServer.csproj", "{FF9DAB7B-CD77-4F9B-9982-CC1A6D0FEEFD}"
EndProject
Global
	GlobalSection(SolutionConfigurationPlatforms) = preSolution
		Debug|Any CPU = Debug|Any CPU
		Release|Any CPU = Release|Any CPU
	EndGlobalSection
	GlobalSection(ProjectConfigurationPlatforms) = postSolution
		{FF9DAB7B-CD77-4F9B-9982-CC1A6D0FEEFD}.Debug|Any CPU.ActiveCfg = Debug|Any CPU
		{FF9DAB7B-CD77-4F9B-9982-CC1A6D0FEEFD}.Debug|Any CPU.Build.0 = Debug|Any CPU
		{FF9DAB7B-CD77-4F9B-9982-CC1A6D0FEEFD}.Release|Any CPU.ActiveCfg = Release|Any CPU
		{FF9DAB7B-CD77-4F9B-9982-CC1A6D0FEEFD}.Release|Any CPU.Build.0 = Release|Any CPU
	EndGlobalSection
	GlobalSection(SolutionProperties) = preSolution
		HideSolutionNode = FALSE
	EndGlobalSection
	GlobalSection(ExtensibilityGlobals) = postSolution
		SolutionGuid = {B2160F79-679D-4157-BEC7-AB4E30161A36}
	EndGlobalSection
EndGlobal
